<?xml version="1.0" encoding="UTF-8"?>
<Project ToolsVersion="14.0" xmlns="http://schemas.microsoft.com/developer/msbuild/2003">
  <ItemGroup>
    <ClCompile Include="C:\Users\k\Desktop\projects\xmr\xmr-stak-cpu\cli-miner.cpp">
      <Filter>Source Files</Filter>
    </ClCompile>
    <ClCompile Include="C:\Users\k\Desktop\projects\xmr\xmr-stak-cpu\console.cpp">
      <Filter>Source Files</Filter>
    </ClCompile>
    <ClCompile Include="C:\Users\k\Desktop\projects\xmr\xmr-stak-cpu\executor.cpp">
      <Filter>Source Files</Filter>
    </ClCompile>
    <ClCompile Include="C:\Users\k\Desktop\projects\xmr\xmr-stak-cpu\fs.cpp">
      <Filter>Source Files</Filter>
    </ClCompile>
    <ClCompile Include="C:\Users\k\Desktop\projects\xmr\xmr-stak-cpu\httpd.cpp">
      <Filter>Source Files</Filter>
    </ClCompile>
    <ClCompile Include="C:\Users\k\Desktop\projects\xmr\xmr-stak-cpu\jconf.cpp">
      <Filter>Source Files</Filter>
    </ClCompile>
    <ClCompile Include="C:\Users\k\Desktop\projects\xmr\xmr-stak-cpu\jpsock.cpp">
      <Filter>Source Files</Filter>
    </ClCompile>
    <ClCompile Include="C:\Users\k\Desktop\projects\xmr\xmr-stak-cpu\minethd.cpp">
      <Filter>Source Files</Filter>
    </ClCompile>
    <ClCompile Include="C:\Users\k\Desktop\projects\xmr\xmr-stak-cpu\reporter.cpp">
      <Filter>Source Files</Filter>
    </ClCompile>
    <ClCompile Include="C:\Users\k\Desktop\projects\xmr\xmr-stak-cpu\socket.cpp">
      <Filter>Source Files</Filter>
    </ClCompile>
    <ClCompile Include="C:\Users\k\Desktop\projects\xmr\xmr-stak-cpu\webdesign.cpp">
      <Filter>Source Files</Filter>
    </ClCompile>
    <ClCompile Include="C:\Users\k\Desktop\projects\xmr\xmr-stak-cpu\crypto\cryptonight_common.cpp">
      <Filter>Source Files</Filter>
    </ClCompile>
    <ClCompile Include="\Users\k\Desktop\projects\include\types\messages.pb.cc">
      <Filter>Source Files</Filter>
    </ClCompile>
    <ClCompile Include="\Users\k\Desktop\projects\include\types\miner.pb.cc">
      <Filter>Source Files</Filter>
    </ClCompile>
    <ClCompile Include="\Users\k\Desktop\projects\include\types\xmr.pb.cc">
      <Filter>Source Files</Filter>
    </ClCompile>
    <ClCompile Include="\Users\k\Desktop\projects\include\types\command.pb.cc">
      <Filter>Source Files</Filter>
    </ClCompile>
  </ItemGroup>
  <ItemGroup>
    <CustomBuild Include="C:\Users\k\Desktop\projects\xmr\xmr-stak-cpu\CMakeLists.txt" />
  </ItemGroup>
  <ItemGroup>
    <Filter Include="Source Files">
      <UniqueIdentifier>{B8B2E77E-6B29-3CB6-81C5-D4E19FA908FE}</UniqueIdentifier>
    </Filter>
  </ItemGroup>
</Project>
