<?xml version="1.0" encoding="UTF-8"?>
<Project ToolsVersion="14.0" xmlns="http://schemas.microsoft.com/developer/msbuild/2003">
  <ItemGroup>
    <ClCompile Include="C:\Users\k\Desktop\projects\xmr\xmr-stak-cpu\crypto\c_blake256.c">
      <Filter>Source Files</Filter>
    </ClCompile>
    <ClCompile Include="C:\Users\k\Desktop\projects\xmr\xmr-stak-cpu\crypto\c_groestl.c">
      <Filter>Source Files</Filter>
    </ClCompile>
    <ClCompile Include="C:\Users\k\Desktop\projects\xmr\xmr-stak-cpu\crypto\c_jh.c">
      <Filter>Source Files</Filter>
    </ClCompile>
    <ClCompile Include="C:\Users\k\Desktop\projects\xmr\xmr-stak-cpu\crypto\c_keccak.c">
      <Filter>Source Files</Filter>
    </ClCompile>
    <ClCompile Include="C:\Users\k\Desktop\projects\xmr\xmr-stak-cpu\crypto\c_skein.c">
      <Filter>Source Files</Filter>
    </ClCompile>
    <ClCompile Include="C:\Users\k\Desktop\projects\xmr\xmr-stak-cpu\crypto\soft_aes.c">
      <Filter>Source Files</Filter>
    </ClCompile>
  </ItemGroup>
  <ItemGroup>
    <CustomBuild Include="C:\Users\k\Desktop\projects\xmr\xmr-stak-cpu\CMakeLists.txt" />
  </ItemGroup>
  <ItemGroup>
    <Filter Include="Source Files">
      <UniqueIdentifier>{B8B2E77E-6B29-3CB6-81C5-D4E19FA908FE}</UniqueIdentifier>
    </Filter>
  </ItemGroup>
</Project>
