Microsoft Visual Studio Solution File, Format Version 12.00
# Visual Studio 14
Project("{8BC9CEB8-8B4A-11D0-8D11-00A0C91BC942}") = "ALL_BUILD", "ALL_BUILD.vcxproj", "{C986A175-8454-3940-BD45-7F02C6C50391}"
	ProjectSection(ProjectDependencies) = postProject
		{C480CA92-6D42-3618-BC6F-1035D5DC1458} = {C480CA92-6D42-3618-BC6F-1035D5DC1458}
		{8FF261FA-31C0-3FC9-BCB9-126E32213C9F} = {8FF261FA-31C0-3FC9-BCB9-126E32213C9F}
		{FF5A929D-451C-3D4E-8249-3F987F9859F6} = {FF5A929D-451C-3D4E-8249-3F987F9859F6}
		{FC4C68BA-A3A2-3FBB-94F9-FBAE4E01FDC4} = {FC4C68BA-A3A2-3FBB-94F9-FBAE4E01FDC4}
	EndProjectSection
EndProject
Project("{8BC9CEB8-8B4A-11D0-8D11-00A0C91BC942}") = "INSTALL", "INSTALL.vcxproj", "{E6CEADD0-BA79-3D6B-9262-729448EB539C}"
	ProjectSection(ProjectDependencies) = postProject
		{C986A175-8454-3940-BD45-7F02C6C50391} = {C986A175-8454-3940-BD45-7F02C6C50391}
		{C480CA92-6D42-3618-BC6F-1035D5DC1458} = {C480CA92-6D42-3618-BC6F-1035D5DC1458}
	EndProjectSection
EndProject
Project("{8BC9CEB8-8B4A-11D0-8D11-00A0C91BC942}") = "ZERO_CHECK", "ZERO_CHECK.vcxproj", "{C480CA92-6D42-3618-BC6F-1035D5DC1458}"
	ProjectSection(ProjectDependencies) = postProject
	EndProjectSection
EndProject
Project("{8BC9CEB8-8B4A-11D0-8D11-00A0C91BC942}") = "xmr-stak-c", "xmr-stak-c.vcxproj", "{8FF261FA-31C0-3FC9-BCB9-126E32213C9F}"
	ProjectSection(ProjectDependencies) = postProject
		{C480CA92-6D42-3618-BC6F-1035D5DC1458} = {C480CA92-6D42-3618-BC6F-1035D5DC1458}
	EndProjectSection
EndProject
Project("{8BC9CEB8-8B4A-11D0-8D11-00A0C91BC942}") = "xmr-stak-cpu", "xmr-stak-cpu.vcxproj", "{FF5A929D-451C-3D4E-8249-3F987F9859F6}"
	ProjectSection(ProjectDependencies) = postProject
		{C480CA92-6D42-3618-BC6F-1035D5DC1458} = {C480CA92-6D42-3618-BC6F-1035D5DC1458}
		{8FF261FA-31C0-3FC9-BCB9-126E32213C9F} = {8FF261FA-31C0-3FC9-BCB9-126E32213C9F}
	EndProjectSection
EndProject
Project("{8BC9CEB8-8B4A-11D0-8D11-00A0C91BC942}") = "xmr-stak-cpu-lib", "xmr-stak-cpu-lib.vcxproj", "{FC4C68BA-A3A2-3FBB-94F9-FBAE4E01FDC4}"
	ProjectSection(ProjectDependencies) = postProject
		{C480CA92-6D42-3618-BC6F-1035D5DC1458} = {C480CA92-6D42-3618-BC6F-1035D5DC1458}
		{8FF261FA-31C0-3FC9-BCB9-126E32213C9F} = {8FF261FA-31C0-3FC9-BCB9-126E32213C9F}
	EndProjectSection
EndProject
Global
	GlobalSection(SolutionConfigurationPlatforms) = preSolution
		Debug|x64 = Debug|x64
		Release|x64 = Release|x64
		MinSizeRel|x64 = MinSizeRel|x64
		RelWithDebInfo|x64 = RelWithDebInfo|x64
	EndGlobalSection
	GlobalSection(ProjectConfigurationPlatforms) = postSolution
		{C986A175-8454-3940-BD45-7F02C6C50391}.Debug|x64.ActiveCfg = Debug|x64
		{C986A175-8454-3940-BD45-7F02C6C50391}.Debug|x64.Build.0 = Debug|x64
		{C986A175-8454-3940-BD45-7F02C6C50391}.Release|x64.ActiveCfg = Release|x64
		{C986A175-8454-3940-BD45-7F02C6C50391}.Release|x64.Build.0 = Release|x64
		{C986A175-8454-3940-BD45-7F02C6C50391}.MinSizeRel|x64.ActiveCfg = MinSizeRel|x64
		{C986A175-8454-3940-BD45-7F02C6C50391}.MinSizeRel|x64.Build.0 = MinSizeRel|x64
		{C986A175-8454-3940-BD45-7F02C6C50391}.RelWithDebInfo|x64.ActiveCfg = RelWithDebInfo|x64
		{C986A175-8454-3940-BD45-7F02C6C50391}.RelWithDebInfo|x64.Build.0 = RelWithDebInfo|x64
		{E6CEADD0-BA79-3D6B-9262-729448EB539C}.Debug|x64.ActiveCfg = Debug|x64
		{E6CEADD0-BA79-3D6B-9262-729448EB539C}.Release|x64.ActiveCfg = Release|x64
		{E6CEADD0-BA79-3D6B-9262-729448EB539C}.MinSizeRel|x64.ActiveCfg = MinSizeRel|x64
		{E6CEADD0-BA79-3D6B-9262-729448EB539C}.RelWithDebInfo|x64.ActiveCfg = RelWithDebInfo|x64
		{C480CA92-6D42-3618-BC6F-1035D5DC1458}.Debug|x64.ActiveCfg = Debug|x64
		{C480CA92-6D42-3618-BC6F-1035D5DC1458}.Debug|x64.Build.0 = Debug|x64
		{C480CA92-6D42-3618-BC6F-1035D5DC1458}.Release|x64.ActiveCfg = Release|x64
		{C480CA92-6D42-3618-BC6F-1035D5DC1458}.Release|x64.Build.0 = Release|x64
		{C480CA92-6D42-3618-BC6F-1035D5DC1458}.MinSizeRel|x64.ActiveCfg = MinSizeRel|x64
		{C480CA92-6D42-3618-BC6F-1035D5DC1458}.MinSizeRel|x64.Build.0 = MinSizeRel|x64
		{C480CA92-6D42-3618-BC6F-1035D5DC1458}.RelWithDebInfo|x64.ActiveCfg = RelWithDebInfo|x64
		{C480CA92-6D42-3618-BC6F-1035D5DC1458}.RelWithDebInfo|x64.Build.0 = RelWithDebInfo|x64
		{8FF261FA-31C0-3FC9-BCB9-126E32213C9F}.Debug|x64.ActiveCfg = Debug|x64
		{8FF261FA-31C0-3FC9-BCB9-126E32213C9F}.Debug|x64.Build.0 = Debug|x64
		{8FF261FA-31C0-3FC9-BCB9-126E32213C9F}.Release|x64.ActiveCfg = Release|x64
		{8FF261FA-31C0-3FC9-BCB9-126E32213C9F}.Release|x64.Build.0 = Release|x64
		{8FF261FA-31C0-3FC9-BCB9-126E32213C9F}.MinSizeRel|x64.ActiveCfg = MinSizeRel|x64
		{8FF261FA-31C0-3FC9-BCB9-126E32213C9F}.MinSizeRel|x64.Build.0 = MinSizeRel|x64
		{8FF261FA-31C0-3FC9-BCB9-126E32213C9F}.RelWithDebInfo|x64.ActiveCfg = RelWithDebInfo|x64
		{8FF261FA-31C0-3FC9-BCB9-126E32213C9F}.RelWithDebInfo|x64.Build.0 = RelWithDebInfo|x64
		{FF5A929D-451C-3D4E-8249-3F987F9859F6}.Debug|x64.ActiveCfg = Debug|x64
		{FF5A929D-451C-3D4E-8249-3F987F9859F6}.Debug|x64.Build.0 = Debug|x64
		{FF5A929D-451C-3D4E-8249-3F987F9859F6}.Release|x64.ActiveCfg = Release|x64
		{FF5A929D-451C-3D4E-8249-3F987F9859F6}.Release|x64.Build.0 = Release|x64
		{FF5A929D-451C-3D4E-8249-3F987F9859F6}.MinSizeRel|x64.ActiveCfg = MinSizeRel|x64
		{FF5A929D-451C-3D4E-8249-3F987F9859F6}.MinSizeRel|x64.Build.0 = MinSizeRel|x64
		{FF5A929D-451C-3D4E-8249-3F987F9859F6}.RelWithDebInfo|x64.ActiveCfg = RelWithDebInfo|x64
		{FF5A929D-451C-3D4E-8249-3F987F9859F6}.RelWithDebInfo|x64.Build.0 = RelWithDebInfo|x64
		{FC4C68BA-A3A2-3FBB-94F9-FBAE4E01FDC4}.Debug|x64.ActiveCfg = Debug|x64
		{FC4C68BA-A3A2-3FBB-94F9-FBAE4E01FDC4}.Debug|x64.Build.0 = Debug|x64
		{FC4C68BA-A3A2-3FBB-94F9-FBAE4E01FDC4}.Release|x64.ActiveCfg = Release|x64
		{FC4C68BA-A3A2-3FBB-94F9-FBAE4E01FDC4}.Release|x64.Build.0 = Release|x64
		{FC4C68BA-A3A2-3FBB-94F9-FBAE4E01FDC4}.MinSizeRel|x64.ActiveCfg = MinSizeRel|x64
		{FC4C68BA-A3A2-3FBB-94F9-FBAE4E01FDC4}.MinSizeRel|x64.Build.0 = MinSizeRel|x64
		{FC4C68BA-A3A2-3FBB-94F9-FBAE4E01FDC4}.RelWithDebInfo|x64.ActiveCfg = RelWithDebInfo|x64
		{FC4C68BA-A3A2-3FBB-94F9-FBAE4E01FDC4}.RelWithDebInfo|x64.Build.0 = RelWithDebInfo|x64
	EndGlobalSection
	GlobalSection(ExtensibilityGlobals) = postSolution
		SolutionGuid = {5D719FA5-DC0E-301A-A01C-07EF2E5ACFCF}
	EndGlobalSection
	GlobalSection(ExtensibilityAddIns) = postSolution
	EndGlobalSection
EndGlobal
